
Microsoft Visual Studio Solution File, Format Version 12.00
# Visual Studio 15
VisualStudioVersion = 15.0.26430.14
MinimumVisualStudioVersion = 10.0.40219.1
Project("{FAE04EC0-301F-11D3-BF4B-00C04F79EFBC}") = "BloomBulkDownloader", "BloomBulkDownloader\BloomBulkDownloader.csproj", "{EFE7BC26-4449-4F2C-9432-3E344C594057}"
EndProject
Project("{FAE04EC0-301F-11D3-BF4B-00C04F79EFBC}") = "BloomBulkDownloaderTests", "BloomBulkDownloaderTests\BloomBulkDownloaderTests.csproj", "{08E8CBDD-B12A-4E16-8DFF-2866E34CF9C1}"
	ProjectSection(ProjectDependencies) = postProject
		{EFE7BC26-4449-4F2C-9432-3E344C594057} = {EFE7BC26-4449-4F2C-9432-3E344C594057}
	EndProjectSection
EndProject
Global
	GlobalSection(SolutionConfigurationPlatforms) = preSolution
		Debug|Any CPU = Debug|Any CPU
		Release|Any CPU = Release|Any CPU
	EndGlobalSection
	GlobalSection(ProjectConfigurationPlatforms) = postSolution
		{EFE7BC26-4449-4F2C-9432-3E344C594057}.Debug|Any CPU.ActiveCfg = Debug|Any CPU
		{EFE7BC26-4449-4F2C-9432-3E344C594057}.Debug|Any CPU.Build.0 = Debug|Any CPU
		{EFE7BC26-4449-4F2C-9432-3E344C594057}.Release|Any CPU.ActiveCfg = Release|Any CPU
		{EFE7BC26-4449-4F2C-9432-3E344C594057}.Release|Any CPU.Build.0 = Release|Any CPU
		{08E8CBDD-B12A-4E16-8DFF-2866E34CF9C1}.Debug|Any CPU.ActiveCfg = Debug|Any CPU
		{08E8CBDD-B12A-4E16-8DFF-2866E34CF9C1}.Debug|Any CPU.Build.0 = Debug|Any CPU
		{08E8CBDD-B12A-4E16-8DFF-2866E34CF9C1}.Release|Any CPU.ActiveCfg = Release|Any CPU
		{08E8CBDD-B12A-4E16-8DFF-2866E34CF9C1}.Release|Any CPU.Build.0 = Release|Any CPU
	EndGlobalSection
	GlobalSection(SolutionProperties) = preSolution
		HideSolutionNode = FALSE
	EndGlobalSection
EndGlobal
